Microsoft Visual Studio Solution File, Format Version 8.00
Project("{8BC9CEB8-8B4A-11D0-8D11-00A0C91BC942}") = "dbfs", "dbfs\dbfs.vcproj", "{563EF017-D6C5-42F1-BA0F-75D95C18BDDE}"
	ProjectSection(ProjectDependencies) = postProject
	EndProjectSection
EndProject
Project("{8BC9CEB8-8B4A-11D0-8D11-00A0C91BC942}") = "test", "test\test.vcproj", "{FD05A60B-796C-471F-AF69-FEF895A41C81}"
	ProjectSection(ProjectDependencies) = postProject
	EndProjectSection
EndProject
Project("{8BC9CEB8-8B4A-11D0-8D11-00A0C91BC942}") = "dll2", "dll2\dll2.vcproj", "{563EF017-D6C5-42F1-BA0F-75D95C18BDDE}"
	ProjectSection(ProjectDependencies) = postProject
	EndProjectSection
EndProject
Global
	GlobalSection(SolutionConfiguration) = preSolution
		Debug = Debug
		Release = Release
	EndGlobalSection
	GlobalSection(ProjectConfiguration) = postSolution
		{563EF017-D6C5-42F1-BA0F-75D95C18BDDE}.Debug.ActiveCfg = Debug|Win32
		{563EF017-D6C5-42F1-BA0F-75D95C18BDDE}.Debug.Build.0 = Debug|Win32
		{563EF017-D6C5-42F1-BA0F-75D95C18BDDE}.Release.ActiveCfg = Release|Win32
		{563EF017-D6C5-42F1-BA0F-75D95C18BDDE}.Release.Build.0 = Release|Win32
		{FD05A60B-796C-471F-AF69-FEF895A41C81}.Debug.ActiveCfg = Debug|Win32
		{FD05A60B-796C-471F-AF69-FEF895A41C81}.Debug.Build.0 = Debug|Win32
		{FD05A60B-796C-471F-AF69-FEF895A41C81}.Release.ActiveCfg = Release|Win32
		{FD05A60B-796C-471F-AF69-FEF895A41C81}.Release.Build.0 = Release|Win32
		{563EF017-D6C5-42F1-BA0F-75D95C18BDDE}.Debug.ActiveCfg = Debug|Win32
		{563EF017-D6C5-42F1-BA0F-75D95C18BDDE}.Debug.Build.0 = Debug|Win32
		{563EF017-D6C5-42F1-BA0F-75D95C18BDDE}.Release.ActiveCfg = Release|Win32
		{563EF017-D6C5-42F1-BA0F-75D95C18BDDE}.Release.Build.0 = Release|Win32
	EndGlobalSection
	GlobalSection(ExtensibilityGlobals) = postSolution
	EndGlobalSection
	GlobalSection(ExtensibilityAddIns) = postSolution
	EndGlobalSection
EndGlobal
